// !$*UTF8*$!
{
	archiveVersion = 1;
	classes = {
	};
	objectVersion = 50;
	objects = {

/* Begin PBXBuildFile section */
		9729B6272582D93A00F3CE0C /* SwiftyIllustratorApp.swift in Sources */ = {isa = PBXBuildFile; fileRef = 9729B6262582D93A00F3CE0C /* SwiftyIllustratorApp.swift */; };
		9729B6292582D93A00F3CE0C /* ContentView.swift in Sources */ = {isa = PBXBuildFile; fileRef = 9729B6282582D93A00F3CE0C /* ContentView.swift */; };
		9729B62B2582D93A00F3CE0C /* Assets.xcassets in Resources */ = {isa = PBXBuildFile; fileRef = 9729B62A2582D93A00F3CE0C /* Assets.xcassets */; };
		9729B62E2582D93A00F3CE0C /* Preview Assets.xcassets in Resources */ = {isa = PBXBuildFile; fileRef = 9729B62D2582D93A00F3CE0C /* Preview Assets.xcassets */; };
		9729B6372582DA1A00F3CE0C /* ShapeView.swift in Sources */ = {isa = PBXBuildFile; fileRef = 9729B6362582DA1A00F3CE0C /* ShapeView.swift */; };
/* End PBXBuildFile section */

/* Begin PBXFileReference section */
		9729B6232582D93A00F3CE0C /* SwiftyIllustrator.app */ = {isa = PBXFileReference; explicitFileType = wrapper.application; includeInIndex = 0; path = SwiftyIllustrator.app; sourceTree = BUILT_PRODUCTS_DIR; };
		9729B6262582D93A00F3CE0C /* SwiftyIllustratorApp.swift */ = {isa = PBXFileReference; lastKnownFileType = sourcecode.swift; path = SwiftyIllustratorApp.swift; sourceTree = "<group>"; };
		9729B6282582D93A00F3CE0C /* ContentView.swift */ = {isa = PBXFileReference; lastKnownFileType = sourcecode.swift; path = ContentView.swift; sourceTree = "<group>"; };
		9729B62A2582D93A00F3CE0C /* Assets.xcassets */ = {isa = PBXFileReference; lastKnownFileType = folder.assetcatalog; path = Assets.xcassets; sourceTree = "<group>"; };
		9729B62D2582D93A00F3CE0C /* Preview Assets.xcassets */ = {isa = PBXFileReference; lastKnownFileType = folder.assetcatalog; path = "Preview Assets.xcassets"; sourceTree = "<group>"; };
		9729B62F2582D93A00F3CE0C /* Info.plist */ = {isa = PBXFileReference; lastKnownFileType = text.plist.xml; path = Info.plist; sourceTree = "<group>"; };
		9729B6362582DA1A00F3CE0C /* ShapeView.swift */ = {isa = PBXFileReference; fileEncoding = 4; lastKnownFileType = sourcecode.swift; path = ShapeView.swift; sourceTree = "<group>"; };
/* End PBXFileReference section */

/* Begin PBXFrameworksBuildPhase section */
		9729B6202582D93A00F3CE0C /* Frameworks */ = {
			isa = PBXFrameworksBuildPhase;
			buildActionMask = 2147483647;
			files = (
			);
			runOnlyForDeploymentPostprocessing = 0;
		};
/* End PBXFrameworksBuildPhase section */

/* Begin PBXGroup section */
		9729B61A2582D93A00F3CE0C = {
			isa = PBXGroup;
			children = (
				9729B6252582D93A00F3CE0C /* SwiftyIllustrator */,
				9729B6242582D93A00F3CE0C /* Products */,
			);
			sourceTree = "<group>";
		};
		9729B6242582D93A00F3CE0C /* Products */ = {
			isa = PBXGroup;
			children = (
				9729B6232582D93A00F3CE0C /* SwiftyIllustrator.app */,
			);
			name = Products;
			sourceTree = "<group>";
		};
		9729B6252582D93A00F3CE0C /* SwiftyIllustrator */ = {
			isa = PBXGroup;
			children = (
				9729B6362582DA1A00F3CE0C /* ShapeView.swift */,
				9729B6262582D93A00F3CE0C /* SwiftyIllustratorApp.swift */,
				9729B6282582D93A00F3CE0C /* ContentView.swift */,
				9729B62A2582D93A00F3CE0C /* Assets.xcassets */,
				9729B62F2582D93A00F3CE0C /* Info.plist */,
				9729B62C2582D93A00F3CE0C /* Preview Content */,
			);
			path = SwiftyIllustrator;
			sourceTree = "<group>";
		};
		9729B62C2582D93A00F3CE0C /* Preview Content */ = {
			isa = PBXGroup;
			children = (
				9729B62D2582D93A00F3CE0C /* Preview Assets.xcassets */,
			);
			path = "Preview Content";
			sourceTree = "<group>";
		};
/* End PBXGroup section */

/* Begin PBXNativeTarget section */
		9729B6222582D93A00F3CE0C /* SwiftyIllustrator */ = {
			isa = PBXNativeTarget;
			buildConfigurationList = 9729B6322582D93A00F3CE0C /* Build configuration list for PBXNativeTarget "SwiftyIllustrator" */;
			buildPhases = (
				9729B61F2582D93A00F3CE0C /* Sources */,
				9729B6202582D93A00F3CE0C /* Frameworks */,
				9729B6212582D93A00F3CE0C /* Resources */,
			);
			buildRules = (
			);
			dependencies = (
			);
			name = SwiftyIllustrator;
			productName = SwiftyIllustrator;
			productReference = 9729B6232582D93A00F3CE0C /* SwiftyIllustrator.app */;
			productType = "com.apple.product-type.application";
		};
/* End PBXNativeTarget section */

/* Begin PBXProject section */
		9729B61B2582D93A00F3CE0C /* Project object */ = {
			isa = PBXProject;
			attributes = {
				LastSwiftUpdateCheck = 1220;
				LastUpgradeCheck = 1220;
				TargetAttributes = {
					9729B6222582D93A00F3CE0C = {
						CreatedOnToolsVersion = 12.2;
					};
				};
			};
			buildConfigurationList = 9729B61E2582D93A00F3CE0C /* Build configuration list for PBXProject "SwiftyIllustrator" */;
			compatibilityVersion = "Xcode 9.3";
			developmentRegion = en;
			hasScannedForEncodings = 0;
			knownRegions = (
				en,
				Base,
			);
			mainGroup = 9729B61A2582D93A00F3CE0C;
			productRefGroup = 9729B6242582D93A00F3CE0C /* Products */;
			projectDirPath = "";
			projectRoot = "";
			targets = (
				9729B6222582D93A00F3CE0C /* SwiftyIllustrator */,
			);
		};
/* End PBXProject section */

/* Begin PBXResourcesBuildPhase section */
		9729B6212582D93A00F3CE0C /* Resources */ = {
			isa = PBXResourcesBuildPhase;
			buildActionMask = 2147483647;
			files = (
				9729B62E2582D93A00F3CE0C /* Preview Assets.xcassets in Resources */,
				9729B62B2582D93A00F3CE0C /* Assets.xcassets in Resources */,
			);
			runOnlyForDeploymentPostprocessing = 0;
		};
/* End PBXResourcesBuildPhase section */

/* Begin PBXSourcesBuildPhase section */
		9729B61F2582D93A00F3CE0C /* Sources */ = {
			isa = PBXSourcesBuildPhase;
			buildActionMask = 2147483647;
			files = (
				9729B6372582DA1A00F3CE0C /* ShapeView.swift in Sources */,
				9729B6292582D93A00F3CE0C /* ContentView.swift in Sources */,
				9729B6272582D93A00F3CE0C /* SwiftyIllustratorApp.swift in Sources */,
			);
			runOnlyForDeploymentPostprocessing = 0;
		};
/* End PBXSourcesBuildPhase section */

/* Begin XCBuildConfiguration section */
		9729B6302582D93A00F3CE0C /* Debug */ = {
			isa = XCBuildConfiguration;
			buildSettings = {
				ALWAYS_SEARCH_USER_PATHS = NO;
				CLANG_ANALYZER_NONNULL = YES;
				CLANG_ANALYZER_NUMBER_OBJECT_CONVERSION = YES_AGGRESSIVE;
				CLANG_CXX_LANGUAGE_STANDARD = "gnu++14";
				CLANG_CXX_LIBRARY = "libc++";
				CLANG_ENABLE_MODULES = YES;
				CLANG_ENABLE_OBJC_ARC = YES;
				CLANG_ENABLE_OBJC_WEAK = YES;
				CLANG_WARN_BLOCK_CAPTURE_AUTORELEASING = YES;
				CLANG_WARN_BOOL_CONVERSION = YES;
				CLANG_WARN_COMMA = YES;
				CLANG_WARN_CONSTANT_CONVERSION = YES;
				CLANG_WARN_DEPRECATED_OBJC_IMPLEMENTATIONS = YES;
				CLANG_WARN_DIRECT_OBJC_ISA_USAGE = YES_ERROR;
				CLANG_WARN_DOCUMENTATION_COMMENTS = YES;
				CLANG_WARN_EMPTY_BODY = YES;
				CLANG_WARN_ENUM_CONVERSION = YES;
				CLANG_WARN_INFINITE_RECURSION = YES;
				CLANG_WARN_INT_CONVERSION = YES;
				CLANG_WARN_NON_LITERAL_NULL_CONVERSION = YES;
				CLANG_WARN_OBJC_IMPLICIT_RETAIN_SELF = YES;
				CLANG_WARN_OBJC_LITERAL_CONVERSION = YES;
				CLANG_WARN_OBJC_ROOT_CLASS = YES_ERROR;
				CLANG_WARN_QUOTED_INCLUDE_IN_FRAMEWORK_HEADER = YES;
				CLANG_WARN_RANGE_LOOP_ANALYSIS = YES;
				CLANG_WARN_STRICT_PROTOTYPES = YES;
				CLANG_WARN_SUSPICIOUS_MOVE = YES;
				CLANG_WARN_UNGUARDED_AVAILABILITY = YES_AGGRESSIVE;
				CLANG_WARN_UNREACHABLE_CODE = YES;
				CLANG_WARN__DUPLICATE_METHOD_MATCH = YES;
				COPY_PHASE_STRIP = NO;
				DEBUG_INFORMATION_FORMAT = dwarf;
				ENABLE_STRICT_OBJC_MSGSEND = YES;
				ENABLE_TESTABILITY = YES;
				GCC_C_LANGUAGE_STANDARD = gnu11;
				GCC_DYNAMIC_NO_PIC = NO;
				GCC_NO_COMMON_BLOCKS = YES;
				GCC_OPTIMIZATION_LEVEL = 0;
				GCC_PREPROCESSOR_DEFINITIONS = (
					"DEBUG=1",
					"$(inherited)",
				);
				GCC_WARN_64_TO_32_BIT_CONVERSION = YES;
				GCC_WARN_ABOUT_RETURN_TYPE = YES_ERROR;
				GCC_WARN_UNDECLARED_SELECTOR = YES;
				GCC_WARN_UNINITIALIZED_AUTOS = YES_AGGRESSIVE;
				GCC_WARN_UNUSED_FUNCTION = YES;
				GCC_WARN_UNUSED_VARIABLE = YES;
				IPHONEOS_DEPLOYMENT_TARGET = 14.2;
				MTL_ENABLE_DEBUG_INFO = INCLUDE_SOURCE;
				MTL_FAST_MATH = YES;
				ONLY_ACTIVE_ARCH = YES;
				SDKROOT = iphoneos;
				SWIFT_ACTIVE_COMPILATION_CONDITIONS = DEBUG;
				SWIFT_OPTIMIZATION_LEVEL = "-Onone";
			};
			name = Debug;
		};
		9729B6312582D93A00F3CE0C /* Release */ = {
			isa = XCBuildConfiguration;
			buildSettings = {
				ALWAYS_SEARCH_USER_PATHS = NO;
				CLANG_ANALYZER_NONNULL = YES;
				CLANG_ANALYZER_NUMBER_OBJECT_CONVERSION = YES_AGGRESSIVE;
				CLANG_CXX_LANGUAGE_STANDARD = "gnu++14";
				CLANG_CXX_LIBRARY = "libc++";
				CLANG_ENABLE_MODULES = YES;
				CLANG_ENABLE_OBJC_ARC = YES;
				CLANG_ENABLE_OBJC_WEAK = YES;
				CLANG_WARN_BLOCK_CAPTURE_AUTORELEASING = YES;
				CLANG_WARN_BOOL_CONVERSION = YES;
				CLANG_WARN_COMMA = YES;
				CLANG_WARN_CONSTANT_CONVERSION = YES;
				CLANG_WARN_DEPRECATED_OBJC_IMPLEMENTATIONS = YES;
				CLANG_WARN_DIRECT_OBJC_ISA_USAGE = YES_ERROR;
				CLANG_WARN_DOCUMENTATION_COMMENTS = YES;
				CLANG_WARN_EMPTY_BODY = YES;
				CLANG_WARN_ENUM_CONVERSION = YES;
				CLANG_WARN_INFINITE_RECURSION = YES;
				CLANG_WARN_INT_CONVERSION = YES;
				CLANG_WARN_NON_LITERAL_NULL_CONVERSION = YES;
				CLANG_WARN_OBJC_IMPLICIT_RETAIN_SELF = YES;
				CLANG_WARN_OBJC_LITERAL_CONVERSION = YES;
				CLANG_WARN_OBJC_ROOT_CLASS = YES_ERROR;
				CLANG_WARN_QUOTED_INCLUDE_IN_FRAMEWORK_HEADER = YES;
				CLANG_WARN_RANGE_LOOP_ANALYSIS = YES;
				CLANG_WARN_STRICT_PROTOTYPES = YES;
				CLANG_WARN_SUSPICIOUS_MOVE = YES;
				CLANG_WARN_UNGUARDED_AVAILABILITY = YES_AGGRESSIVE;
				CLANG_WARN_UNREACHABLE_CODE = YES;
				CLANG_WARN__DUPLICATE_METHOD_MATCH = YES;
				COPY_PHASE_STRIP = NO;
				DEBUG_INFORMATION_FORMAT = "dwarf-with-dsym";
				ENABLE_NS_ASSERTIONS = NO;
				ENABLE_STRICT_OBJC_MSGSEND = YES;
				GCC_C_LANGUAGE_STANDARD = gnu11;
				GCC_NO_COMMON_BLOCKS = YES;
				GCC_WARN_64_TO_32_BIT_CONVERSION = YES;
				GCC_WARN_ABOUT_RETURN_TYPE = YES_ERROR;
				GCC_WARN_UNDECLARED_SELECTOR = YES;
				GCC_WARN_UNINITIALIZED_AUTOS = YES_AGGRESSIVE;
				GCC_WARN_UNUSED_FUNCTION = YES;
				GCC_WARN_UNUSED_VARIABLE = YES;
				IPHONEOS_DEPLOYMENT_TARGET = 14.2;
				MTL_ENABLE_DEBUG_INFO = NO;
				MTL_FAST_MATH = YES;
				SDKROOT = iphoneos;
				SWIFT_COMPILATION_MODE = wholemodule;
				SWIFT_OPTIMIZATION_LEVEL = "-O";
				VALIDATE_PRODUCT = YES;
			};
			name = Release;
		};
		9729B6332582D93A00F3CE0C /* Debug */ = {
			isa = XCBuildConfiguration;
			buildSettings = {
				ASSETCATALOG_COMPILER_APPICON_NAME = AppIcon;
				ASSETCATALOG_COMPILER_GLOBAL_ACCENT_COLOR_NAME = AccentColor;
				CODE_SIGN_STYLE = Automatic;
				DEVELOPMENT_ASSET_PATHS = "\"SwiftyIllustrator/Preview Content\"";
				DEVELOPMENT_TEAM = 4SL8JB2S9S;
				ENABLE_PREVIEWS = YES;
				INFOPLIST_FILE = SwiftyIllustrator/Info.plist;
				IPHONEOS_DEPLOYMENT_TARGET = 14.0;
				LD_RUNPATH_SEARCH_PATHS = (
					"$(inherited)",
					"@executable_path/Frameworks",
				);
				PRODUCT_BUNDLE_IDENTIFIER = com.downtownjakebrown.SwiftyIllustrator;
				PRODUCT_NAME = "$(TARGET_NAME)";
				SWIFT_VERSION = 5.0;
				TARGETED_DEVICE_FAMILY = "1,2";
			};
			name = Debug;
		};
		9729B6342582D93A00F3CE0C /* Release */ = {
			isa = XCBuildConfiguration;
			buildSettings = {
				ASSETCATALOG_COMPILER_APPICON_NAME = AppIcon;
				ASSETCATALOG_COMPILER_GLOBAL_ACCENT_COLOR_NAME = AccentColor;
				CODE_SIGN_STYLE = Automatic;
				DEVELOPMENT_ASSET_PATHS = "\"SwiftyIllustrator/Preview Content\"";
				DEVELOPMENT_TEAM = 4SL8JB2S9S;
				ENABLE_PREVIEWS = YES;
				INFOPLIST_FILE = SwiftyIllustrator/Info.plist;
				IPHONEOS_DEPLOYMENT_TARGET = 14.0;
				LD_RUNPATH_SEARCH_PATHS = (
					"$(inherited)",
					"@executable_path/Frameworks",
				);
				PRODUCT_BUNDLE_IDENTIFIER = com.downtownjakebrown.SwiftyIllustrator;
				PRODUCT_NAME = "$(TARGET_NAME)";
				SWIFT_VERSION = 5.0;
				TARGETED_DEVICE_FAMILY = "1,2";
			};
			name = Release;
		};
/* End XCBuildConfiguration section */

/* Begin XCConfigurationList section */
		9729B61E2582D93A00F3CE0C /* Build configuration list for PBXProject "SwiftyIllustrator" */ = {
			isa = XCConfigurationList;
			buildConfigurations = (
				9729B6302582D93A00F3CE0C /* Debug */,
				9729B6312582D93A00F3CE0C /* Release */,
			);
			defaultConfigurationIsVisible = 0;
			defaultConfigurationName = Release;
		};
		9729B6322582D93A00F3CE0C /* Build configuration list for PBXNativeTarget "SwiftyIllustrator" */ = {
			isa = XCConfigurationList;
			buildConfigurations = (
				9729B6332582D93A00F3CE0C /* Debug */,
				9729B6342582D93A00F3CE0C /* Release */,
			);
			defaultConfigurationIsVisible = 0;
			defaultConfigurationName = Release;
		};
/* End XCConfigurationList section */
	};
	rootObject = 9729B61B2582D93A00F3CE0C /* Project object */;
}
